// !$*UTF8*$!
{
	archiveVersion = 1;
	classes = {
	};
	objectVersion = 46;
	objects = {

/* Begin PBXBuildFile section */
		225FA9491EA1EFE000F22C0F /* StationSelectionViewController.swift in Sources */ = {isa = PBXBuildFile; fileRef = 225FA9481EA1EFE000F22C0F /* StationSelectionViewController.swift */; };
		2267A1281EA0E7C600FB4124 /* AppDelegate.swift in Sources */ = {isa = PBXBuildFile; fileRef = 2267A1271EA0E7C600FB4124 /* AppDelegate.swift */; };
		2267A12A1EA0E7C600FB4124 /* ViewController.swift in Sources */ = {isa = PBXBuildFile; fileRef = 2267A1291EA0E7C600FB4124 /* ViewController.swift */; };
		2267A12D1EA0E7C600FB4124 /* Main.storyboard in Resources */ = {isa = PBXBuildFile; fileRef = 2267A12B1EA0E7C600FB4124 /* Main.storyboard */; };
		2267A1301EA0E7C600FB4124 /* app.xcdatamodeld in Sources */ = {isa = PBXBuildFile; fileRef = 2267A12E1EA0E7C600FB4124 /* app.xcdatamodeld */; };
		2267A1321EA0E7C600FB4124 /* Assets.xcassets in Resources */ = {isa = PBXBuildFile; fileRef = 2267A1311EA0E7C600FB4124 /* Assets.xcassets */; };
		2267A1351EA0E7C600FB4124 /* LaunchScreen.storyboard in Resources */ = {isa = PBXBuildFile; fileRef = 2267A1331EA0E7C600FB4124 /* LaunchScreen.storyboard */; };
		2267A13D1EA125BA00FB4124 /* PumpSelectedViewController.swift in Sources */ = {isa = PBXBuildFile; fileRef = 2267A13C1EA125BA00FB4124 /* PumpSelectedViewController.swift */; };
		2281DB2D1EA4DC3C00D0C364 /* OffersViewController.swift in Sources */ = {isa = PBXBuildFile; fileRef = 2281DB2C1EA4DC3C00D0C364 /* OffersViewController.swift */; };
		2281DB2F1EA4ECE500D0C364 /* FuelPaymentViewController.swift in Sources */ = {isa = PBXBuildFile; fileRef = 2281DB2E1EA4ECE500D0C364 /* FuelPaymentViewController.swift */; };
		2281DB311EA547F100D0C364 /* AccountViewController.swift in Sources */ = {isa = PBXBuildFile; fileRef = 2281DB301EA547F100D0C364 /* AccountViewController.swift */; };
		22B1AA8B1EA49FE000CEAEB0 /* FinalViewController.swift in Sources */ = {isa = PBXBuildFile; fileRef = 22B1AA8A1EA49FE000CEAEB0 /* FinalViewController.swift */; };
		5DB690584E54EFB6C6053D26 /* Pods_app.framework in Frameworks */ = {isa = PBXBuildFile; fileRef = A55AB05F98AEE115864FE890 /* Pods_app.framework */; };
/* End PBXBuildFile section */

/* Begin PBXFileReference section */
		225FA9481EA1EFE000F22C0F /* StationSelectionViewController.swift */ = {isa = PBXFileReference; fileEncoding = 4; lastKnownFileType = sourcecode.swift; path = StationSelectionViewController.swift; sourceTree = "<group>"; };
		2267A1241EA0E7C600FB4124 /* app.app */ = {isa = PBXFileReference; explicitFileType = wrapper.application; includeInIndex = 0; path = app.app; sourceTree = BUILT_PRODUCTS_DIR; };
		2267A1271EA0E7C600FB4124 /* AppDelegate.swift */ = {isa = PBXFileReference; lastKnownFileType = sourcecode.swift; path = AppDelegate.swift; sourceTree = "<group>"; };
		2267A1291EA0E7C600FB4124 /* ViewController.swift */ = {isa = PBXFileReference; lastKnownFileType = sourcecode.swift; path = ViewController.swift; sourceTree = "<group>"; };
		2267A12C1EA0E7C600FB4124 /* Base */ = {isa = PBXFileReference; lastKnownFileType = file.storyboard; name = Base; path = Base.lproj/Main.storyboard; sourceTree = "<group>"; };
		2267A12F1EA0E7C600FB4124 /* app.xcdatamodel */ = {isa = PBXFileReference; lastKnownFileType = wrapper.xcdatamodel; path = app.xcdatamodel; sourceTree = "<group>"; };
		2267A1311EA0E7C600FB4124 /* Assets.xcassets */ = {isa = PBXFileReference; lastKnownFileType = folder.assetcatalog; path = Assets.xcassets; sourceTree = "<group>"; };
		2267A1341EA0E7C600FB4124 /* Base */ = {isa = PBXFileReference; lastKnownFileType = file.storyboard; name = Base; path = Base.lproj/LaunchScreen.storyboard; sourceTree = "<group>"; };
		2267A1361EA0E7C600FB4124 /* Info.plist */ = {isa = PBXFileReference; lastKnownFileType = text.plist.xml; path = Info.plist; sourceTree = "<group>"; };
		2267A13C1EA125BA00FB4124 /* PumpSelectedViewController.swift */ = {isa = PBXFileReference; fileEncoding = 4; lastKnownFileType = sourcecode.swift; path = PumpSelectedViewController.swift; sourceTree = "<group>"; };
		2281DB2C1EA4DC3C00D0C364 /* OffersViewController.swift */ = {isa = PBXFileReference; fileEncoding = 4; lastKnownFileType = sourcecode.swift; path = OffersViewController.swift; sourceTree = "<group>"; };
		2281DB2E1EA4ECE500D0C364 /* FuelPaymentViewController.swift */ = {isa = PBXFileReference; fileEncoding = 4; lastKnownFileType = sourcecode.swift; path = FuelPaymentViewController.swift; sourceTree = "<group>"; };
		2281DB301EA547F100D0C364 /* AccountViewController.swift */ = {isa = PBXFileReference; fileEncoding = 4; lastKnownFileType = sourcecode.swift; path = AccountViewController.swift; sourceTree = "<group>"; };
		22B1AA8A1EA49FE000CEAEB0 /* FinalViewController.swift */ = {isa = PBXFileReference; fileEncoding = 4; lastKnownFileType = sourcecode.swift; path = FinalViewController.swift; sourceTree = "<group>"; };
		4E347DEB46A34ADEECB37CA5 /* Pods-app.release.xcconfig */ = {isa = PBXFileReference; includeInIndex = 1; lastKnownFileType = text.xcconfig; name = "Pods-app.release.xcconfig"; path = "Pods/Target Support Files/Pods-app/Pods-app.release.xcconfig"; sourceTree = "<group>"; };
		7280716BF4B2043E6585662D /* Pods-app.debug.xcconfig */ = {isa = PBXFileReference; includeInIndex = 1; lastKnownFileType = text.xcconfig; name = "Pods-app.debug.xcconfig"; path = "Pods/Target Support Files/Pods-app/Pods-app.debug.xcconfig"; sourceTree = "<group>"; };
		A55AB05F98AEE115864FE890 /* Pods_app.framework */ = {isa = PBXFileReference; explicitFileType = wrapper.framework; includeInIndex = 0; path = Pods_app.framework; sourceTree = BUILT_PRODUCTS_DIR; };
/* End PBXFileReference section */

/* Begin PBXFrameworksBuildPhase section */
		2267A1211EA0E7C600FB4124 /* Frameworks */ = {
			isa = PBXFrameworksBuildPhase;
			buildActionMask = 2147483647;
			files = (
				5DB690584E54EFB6C6053D26 /* Pods_app.framework in Frameworks */,
			);
			runOnlyForDeploymentPostprocessing = 0;
		};
/* End PBXFrameworksBuildPhase section */

/* Begin PBXGroup section */
		2267A11B1EA0E7C600FB4124 = {
			isa = PBXGroup;
			children = (
				2267A1261EA0E7C600FB4124 /* app */,
				2267A1251EA0E7C600FB4124 /* Products */,
				6CF423E7D855742CFF3E3F71 /* Pods */,
				A178C762D15260F795211EA9 /* Frameworks */,
			);
			sourceTree = "<group>";
		};
		2267A1251EA0E7C600FB4124 /* Products */ = {
			isa = PBXGroup;
			children = (
				2267A1241EA0E7C600FB4124 /* app.app */,
			);
			name = Products;
			sourceTree = "<group>";
		};
		2267A1261EA0E7C600FB4124 /* app */ = {
			isa = PBXGroup;
			children = (
				2267A1271EA0E7C600FB4124 /* AppDelegate.swift */,
				2267A1291EA0E7C600FB4124 /* ViewController.swift */,
				2267A12B1EA0E7C600FB4124 /* Main.storyboard */,
				2267A1311EA0E7C600FB4124 /* Assets.xcassets */,
				2267A1331EA0E7C600FB4124 /* LaunchScreen.storyboard */,
				2267A1361EA0E7C600FB4124 /* Info.plist */,
				2267A12E1EA0E7C600FB4124 /* app.xcdatamodeld */,
				2267A13C1EA125BA00FB4124 /* PumpSelectedViewController.swift */,
				225FA9481EA1EFE000F22C0F /* StationSelectionViewController.swift */,
				22B1AA8A1EA49FE000CEAEB0 /* FinalViewController.swift */,
				2281DB2C1EA4DC3C00D0C364 /* OffersViewController.swift */,
				2281DB2E1EA4ECE500D0C364 /* FuelPaymentViewController.swift */,
				2281DB301EA547F100D0C364 /* AccountViewController.swift */,
			);
			path = app;
			sourceTree = "<group>";
		};
		6CF423E7D855742CFF3E3F71 /* Pods */ = {
			isa = PBXGroup;
			children = (
				7280716BF4B2043E6585662D /* Pods-app.debug.xcconfig */,
				4E347DEB46A34ADEECB37CA5 /* Pods-app.release.xcconfig */,
			);
			name = Pods;
			sourceTree = "<group>";
		};
		A178C762D15260F795211EA9 /* Frameworks */ = {
			isa = PBXGroup;
			children = (
				A55AB05F98AEE115864FE890 /* Pods_app.framework */,
			);
			name = Frameworks;
			sourceTree = "<group>";
		};
/* End PBXGroup section */

/* Begin PBXNativeTarget section */
		2267A1231EA0E7C600FB4124 /* app */ = {
			isa = PBXNativeTarget;
			buildConfigurationList = 2267A1391EA0E7C600FB4124 /* Build configuration list for PBXNativeTarget "app" */;
			buildPhases = (
				E18ECE68C722191F5088A545 /* [CP] Check Pods Manifest.lock */,
				2267A1201EA0E7C600FB4124 /* Sources */,
				2267A1211EA0E7C600FB4124 /* Frameworks */,
				2267A1221EA0E7C600FB4124 /* Resources */,
				F0D939ADF7F771F5B62C91B5 /* [CP] Embed Pods Frameworks */,
				647C1BF1C3355FA63D8F6389 /* [CP] Copy Pods Resources */,
				2281DB321EA553DE00D0C364 /* ShellScript */,
			);
			buildRules = (
			);
			dependencies = (
			);
			name = app;
			productName = app;
			productReference = 2267A1241EA0E7C600FB4124 /* app.app */;
			productType = "com.apple.product-type.application";
		};
/* End PBXNativeTarget section */

/* Begin PBXProject section */
		2267A11C1EA0E7C600FB4124 /* Project object */ = {
			isa = PBXProject;
			attributes = {
				LastSwiftUpdateCheck = 0830;
				LastUpgradeCheck = 0830;
				ORGANIZATIONNAME = "Damir Garifullin";
				TargetAttributes = {
					2267A1231EA0E7C600FB4124 = {
						CreatedOnToolsVersion = 8.3;
						DevelopmentTeam = P7P693LH69;
						ProvisioningStyle = Automatic;
					};
				};
			};
			buildConfigurationList = 2267A11F1EA0E7C600FB4124 /* Build configuration list for PBXProject "app" */;
			compatibilityVersion = "Xcode 3.2";
			developmentRegion = English;
			hasScannedForEncodings = 0;
			knownRegions = (
				en,
				Base,
			);
			mainGroup = 2267A11B1EA0E7C600FB4124;
			productRefGroup = 2267A1251EA0E7C600FB4124 /* Products */;
			projectDirPath = "";
			projectRoot = "";
			targets = (
				2267A1231EA0E7C600FB4124 /* app */,
			);
		};
/* End PBXProject section */

/* Begin PBXResourcesBuildPhase section */
		2267A1221EA0E7C600FB4124 /* Resources */ = {
			isa = PBXResourcesBuildPhase;
			buildActionMask = 2147483647;
			files = (
				2267A1351EA0E7C600FB4124 /* LaunchScreen.storyboard in Resources */,
				2267A1321EA0E7C600FB4124 /* Assets.xcassets in Resources */,
				2267A12D1EA0E7C600FB4124 /* Main.storyboard in Resources */,
			);
			runOnlyForDeploymentPostprocessing = 0;
		};
/* End PBXResourcesBuildPhase section */

/* Begin PBXShellScriptBuildPhase section */
		2281DB321EA553DE00D0C364 /* ShellScript */ = {
			isa = PBXShellScriptBuildPhase;
			buildActionMask = 2147483647;
			files = (
			);
			inputPaths = (
			);
			outputPaths = (
			);
			runOnlyForDeploymentPostprocessing = 0;
			shellPath = /bin/sh;
			shellScript = "FILE=\"${SRCROOT}/HockeySDK-iOS/BuildAgent\"\nif [ -f \"$FILE\" ]; then\n\"$FILE\"\nfi";
		};
		647C1BF1C3355FA63D8F6389 /* [CP] Copy Pods Resources */ = {
			isa = PBXShellScriptBuildPhase;
			buildActionMask = 2147483647;
			files = (
			);
			inputPaths = (
			);
			name = "[CP] Copy Pods Resources";
			outputPaths = (
			);
			runOnlyForDeploymentPostprocessing = 0;
			shellPath = /bin/sh;
			shellScript = "\"${SRCROOT}/Pods/Target Support Files/Pods-app/Pods-app-resources.sh\"\n";
			showEnvVarsInLog = 0;
		};
		E18ECE68C722191F5088A545 /* [CP] Check Pods Manifest.lock */ = {
			isa = PBXShellScriptBuildPhase;
			buildActionMask = 2147483647;
			files = (
			);
			inputPaths = (
			);
			name = "[CP] Check Pods Manifest.lock";
			outputPaths = (
			);
			runOnlyForDeploymentPostprocessing = 0;
			shellPath = /bin/sh;
			shellScript = "diff \"${PODS_ROOT}/../Podfile.lock\" \"${PODS_ROOT}/Manifest.lock\" > /dev/null\nif [ $? != 0 ] ; then\n    # print error to STDERR\n    echo \"error: The sandbox is not in sync with the Podfile.lock. Run 'pod install' or update your CocoaPods installation.\" >&2\n    exit 1\nfi\n";
			showEnvVarsInLog = 0;
		};
		F0D939ADF7F771F5B62C91B5 /* [CP] Embed Pods Frameworks */ = {
			isa = PBXShellScriptBuildPhase;
			buildActionMask = 2147483647;
			files = (
			);
			inputPaths = (
			);
			name = "[CP] Embed Pods Frameworks";
			outputPaths = (
			);
			runOnlyForDeploymentPostprocessing = 0;
			shellPath = /bin/sh;
			shellScript = "\"${SRCROOT}/Pods/Target Support Files/Pods-app/Pods-app-frameworks.sh\"\n";
			showEnvVarsInLog = 0;
		};
/* End PBXShellScriptBuildPhase section */

/* Begin PBXSourcesBuildPhase section */
		2267A1201EA0E7C600FB4124 /* Sources */ = {
			isa = PBXSourcesBuildPhase;
			buildActionMask = 2147483647;
			files = (
				225FA9491EA1EFE000F22C0F /* StationSelectionViewController.swift in Sources */,
				22B1AA8B1EA49FE000CEAEB0 /* FinalViewController.swift in Sources */,
				2267A12A1EA0E7C600FB4124 /* ViewController.swift in Sources */,
				2281DB2F1EA4ECE500D0C364 /* FuelPaymentViewController.swift in Sources */,
				2267A1281EA0E7C600FB4124 /* AppDelegate.swift in Sources */,
				2267A13D1EA125BA00FB4124 /* PumpSelectedViewController.swift in Sources */,
				2281DB2D1EA4DC3C00D0C364 /* OffersViewController.swift in Sources */,
				2267A1301EA0E7C600FB4124 /* app.xcdatamodeld in Sources */,
				2281DB311EA547F100D0C364 /* AccountViewController.swift in Sources */,
			);
			runOnlyForDeploymentPostprocessing = 0;
		};
/* End PBXSourcesBuildPhase section */

/* Begin PBXVariantGroup section */
		2267A12B1EA0E7C600FB4124 /* Main.storyboard */ = {
			isa = PBXVariantGroup;
			children = (
				2267A12C1EA0E7C600FB4124 /* Base */,
			);
			name = Main.storyboard;
			sourceTree = "<group>";
		};
		2267A1331EA0E7C600FB4124 /* LaunchScreen.storyboard */ = {
			isa = PBXVariantGroup;
			children = (
				2267A1341EA0E7C600FB4124 /* Base */,
			);
			name = LaunchScreen.storyboard;
			sourceTree = "<group>";
		};
/* End PBXVariantGroup section */

/* Begin XCBuildConfiguration section */
		2267A1371EA0E7C600FB4124 /* Debug */ = {
			isa = XCBuildConfiguration;
			buildSettings = {
				ALWAYS_SEARCH_USER_PATHS = NO;
				CLANG_ANALYZER_NONNULL = YES;
				CLANG_ANALYZER_NUMBER_OBJECT_CONVERSION = YES_AGGRESSIVE;
				CLANG_CXX_LANGUAGE_STANDARD = "gnu++0x";
				CLANG_CXX_LIBRARY = "libc++";
				CLANG_ENABLE_MODULES = YES;
				CLANG_ENABLE_OBJC_ARC = YES;
				CLANG_WARN_BOOL_CONVERSION = YES;
				CLANG_WARN_CONSTANT_CONVERSION = YES;
				CLANG_WARN_DIRECT_OBJC_ISA_USAGE = YES_ERROR;
				CLANG_WARN_DOCUMENTATION_COMMENTS = YES;
				CLANG_WARN_EMPTY_BODY = YES;
				CLANG_WARN_ENUM_CONVERSION = YES;
				CLANG_WARN_INFINITE_RECURSION = YES;
				CLANG_WARN_INT_CONVERSION = YES;
				CLANG_WARN_OBJC_ROOT_CLASS = YES_ERROR;
				CLANG_WARN_SUSPICIOUS_MOVE = YES;
				CLANG_WARN_UNREACHABLE_CODE = YES;
				CLANG_WARN__DUPLICATE_METHOD_MATCH = YES;
				"CODE_SIGN_IDENTITY[sdk=iphoneos*]" = "iPhone Developer";
				COPY_PHASE_STRIP = NO;
				DEBUG_INFORMATION_FORMAT = dwarf;
				ENABLE_STRICT_OBJC_MSGSEND = YES;
				ENABLE_TESTABILITY = YES;
				GCC_C_LANGUAGE_STANDARD = gnu99;
				GCC_DYNAMIC_NO_PIC = NO;
				GCC_NO_COMMON_BLOCKS = YES;
				GCC_OPTIMIZATION_LEVEL = 0;
				GCC_PREPROCESSOR_DEFINITIONS = (
					"DEBUG=1",
					"$(inherited)",
				);
				GCC_WARN_64_TO_32_BIT_CONVERSION = YES;
				GCC_WARN_ABOUT_RETURN_TYPE = YES_ERROR;
				GCC_WARN_UNDECLARED_SELECTOR = YES;
				GCC_WARN_UNINITIALIZED_AUTOS = YES_AGGRESSIVE;
				GCC_WARN_UNUSED_FUNCTION = YES;
				GCC_WARN_UNUSED_VARIABLE = YES;
				IPHONEOS_DEPLOYMENT_TARGET = 10.3;
				MTL_ENABLE_DEBUG_INFO = YES;
				ONLY_ACTIVE_ARCH = YES;
				SDKROOT = iphoneos;
				SWIFT_ACTIVE_COMPILATION_CONDITIONS = DEBUG;
				SWIFT_OPTIMIZATION_LEVEL = "-Onone";
			};
			name = Debug;
		};
		2267A1381EA0E7C600FB4124 /* Release */ = {
			isa = XCBuildConfiguration;
			buildSettings = {
				ALWAYS_SEARCH_USER_PATHS = NO;
				CLANG_ANALYZER_NONNULL = YES;
				CLANG_ANALYZER_NUMBER_OBJECT_CONVERSION = YES_AGGRESSIVE;
				CLANG_CXX_LANGUAGE_STANDARD = "gnu++0x";
				CLANG_CXX_LIBRARY = "libc++";
				CLANG_ENABLE_MODULES = YES;
				CLANG_ENABLE_OBJC_ARC = YES;
				CLANG_WARN_BOOL_CONVERSION = YES;
				CLANG_WARN_CONSTANT_CONVERSION = YES;
				CLANG_WARN_DIRECT_OBJC_ISA_USAGE = YES_ERROR;
				CLANG_WARN_DOCUMENTATION_COMMENTS = YES;
				CLANG_WARN_EMPTY_BODY = YES;
				CLANG_WARN_ENUM_CONVERSION = YES;
				CLANG_WARN_INFINITE_RECURSION = YES;
				CLANG_WARN_INT_CONVERSION = YES;
				CLANG_WARN_OBJC_ROOT_CLASS = YES_ERROR;
				CLANG_WARN_SUSPICIOUS_MOVE = YES;
				CLANG_WARN_UNREACHABLE_CODE = YES;
				CLANG_WARN__DUPLICATE_METHOD_MATCH = YES;
				"CODE_SIGN_IDENTITY[sdk=iphoneos*]" = "iPhone Developer";
				COPY_PHASE_STRIP = NO;
				DEBUG_INFORMATION_FORMAT = "dwarf-with-dsym";
				ENABLE_NS_ASSERTIONS = NO;
				ENABLE_STRICT_OBJC_MSGSEND = YES;
				GCC_C_LANGUAGE_STANDARD = gnu99;
				GCC_NO_COMMON_BLOCKS = YES;
				GCC_WARN_64_TO_32_BIT_CONVERSION = YES;
				GCC_WARN_ABOUT_RETURN_TYPE = YES_ERROR;
				GCC_WARN_UNDECLARED_SELECTOR = YES;
				GCC_WARN_UNINITIALIZED_AUTOS = YES_AGGRESSIVE;
				GCC_WARN_UNUSED_FUNCTION = YES;
				GCC_WARN_UNUSED_VARIABLE = YES;
				IPHONEOS_DEPLOYMENT_TARGET = 10.3;
				MTL_ENABLE_DEBUG_INFO = NO;
				SDKROOT = iphoneos;
				SWIFT_OPTIMIZATION_LEVEL = "-Owholemodule";
				VALIDATE_PRODUCT = YES;
			};
			name = Release;
		};
		2267A13A1EA0E7C600FB4124 /* Debug */ = {
			isa = XCBuildConfiguration;
			baseConfigurationReference = 7280716BF4B2043E6585662D /* Pods-app.debug.xcconfig */;
			buildSettings = {
				ASSETCATALOG_COMPILER_APPICON_NAME = AppIcon;
				DEVELOPMENT_TEAM = P7P693LH69;
				INFOPLIST_FILE = app/Info.plist;
				IPHONEOS_DEPLOYMENT_TARGET = 10.2;
				LD_RUNPATH_SEARCH_PATHS = "$(inherited) @executable_path/Frameworks";
				PRODUCT_BUNDLE_IDENTIFIER = PTK.app;
				PRODUCT_NAME = "$(TARGET_NAME)";
				SWIFT_VERSION = 3.0;
			};
			name = Debug;
		};
		2267A13B1EA0E7C600FB4124 /* Release */ = {
			isa = XCBuildConfiguration;
			baseConfigurationReference = 4E347DEB46A34ADEECB37CA5 /* Pods-app.release.xcconfig */;
			buildSettings = {
				ASSETCATALOG_COMPILER_APPICON_NAME = AppIcon;
				DEVELOPMENT_TEAM = P7P693LH69;
				INFOPLIST_FILE = app/Info.plist;
				IPHONEOS_DEPLOYMENT_TARGET = 10.2;
				LD_RUNPATH_SEARCH_PATHS = "$(inherited) @executable_path/Frameworks";
				PRODUCT_BUNDLE_IDENTIFIER = PTK.app;
				PRODUCT_NAME = "$(TARGET_NAME)";
				SWIFT_VERSION = 3.0;
			};
			name = Release;
		};
/* End XCBuildConfiguration section */

/* Begin XCConfigurationList section */
		2267A11F1EA0E7C600FB4124 /* Build configuration list for PBXProject "app" */ = {
			isa = XCConfigurationList;
			buildConfigurations = (
				2267A1371EA0E7C600FB4124 /* Debug */,
				2267A1381EA0E7C600FB4124 /* Release */,
			);
			defaultConfigurationIsVisible = 0;
			defaultConfigurationName = Release;
		};
		2267A1391EA0E7C600FB4124 /* Build configuration list for PBXNativeTarget "app" */ = {
			isa = XCConfigurationList;
			buildConfigurations = (
				2267A13A1EA0E7C600FB4124 /* Debug */,
				2267A13B1EA0E7C600FB4124 /* Release */,
			);
			defaultConfigurationIsVisible = 0;
			defaultConfigurationName = Release;
		};
/* End XCConfigurationList section */

/* Begin XCVersionGroup section */
		2267A12E1EA0E7C600FB4124 /* app.xcdatamodeld */ = {
			isa = XCVersionGroup;
			children = (
				2267A12F1EA0E7C600FB4124 /* app.xcdatamodel */,
			);
			currentVersion = 2267A12F1EA0E7C600FB4124 /* app.xcdatamodel */;
			path = app.xcdatamodeld;
			sourceTree = "<group>";
			versionGroupType = wrapper.xcdatamodel;
		};
/* End XCVersionGroup section */
	};
	rootObject = 2267A11C1EA0E7C600FB4124 /* Project object */;
}
