// !$*UTF8*$!
{
	archiveVersion = 1;
	classes = {
	};
	objectVersion = 46;
	objects = {

/* Begin PBXBuildFile section */
		2267A1281EA0E7C600FB4124 /* AppDelegate.swift in Sources */ = {isa = PBXBuildFile; fileRef = 2267A1271EA0E7C600FB4124 /* AppDelegate.swift */; };
		2267A12A1EA0E7C600FB4124 /* ViewController.swift in Sources */ = {isa = PBXBuildFile; fileRef = 2267A1291EA0E7C600FB4124 /* ViewController.swift */; };
		2267A12D1EA0E7C600FB4124 /* Main.storyboard in Resources */ = {isa = PBXBuildFile; fileRef = 2267A12B1EA0E7C600FB4124 /* Main.storyboard */; };
		2267A1301EA0E7C600FB4124 /* app.xcdatamodeld in Sources */ = {isa = PBXBuildFile; fileRef = 2267A12E1EA0E7C600FB4124 /* app.xcdatamodeld */; };
		2267A1321EA0E7C600FB4124 /* Assets.xcassets in Resources */ = {isa = PBXBuildFile; fileRef = 2267A1311EA0E7C600FB4124 /* Assets.xcassets */; };
		2267A1351EA0E7C600FB4124 /* LaunchScreen.storyboard in Resources */ = {isa = PBXBuildFile; fileRef = 2267A1331EA0E7C600FB4124 /* LaunchScreen.storyboard */; };
/* End PBXBuildFile section */

/* Begin PBXFileReference section */
		2267A1241EA0E7C600FB4124 /* app.app */ = {isa = PBXFileReference; explicitFileType = wrapper.application; includeInIndex = 0; path = app.app; sourceTree = BUILT_PRODUCTS_DIR; };
		2267A1271EA0E7C600FB4124 /* AppDelegate.swift */ = {isa = PBXFileReference; lastKnownFileType = sourcecode.swift; path = AppDelegate.swift; sourceTree = "<group>"; };
		2267A1291EA0E7C600FB4124 /* ViewController.swift */ = {isa = PBXFileReference; lastKnownFileType = sourcecode.swift; path = ViewController.swift; sourceTree = "<group>"; };
		2267A12C1EA0E7C600FB4124 /* Base */ = {isa = PBXFileReference; lastKnownFileType = file.storyboard; name = Base; path = Base.lproj/Main.storyboard; sourceTree = "<group>"; };
		2267A12F1EA0E7C600FB4124 /* app.xcdatamodel */ = {isa = PBXFileReference; lastKnownFileType = wrapper.xcdatamodel; path = app.xcdatamodel; sourceTree = "<group>"; };
		2267A1311EA0E7C600FB4124 /* Assets.xcassets */ = {isa = PBXFileReference; lastKnownFileType = folder.assetcatalog; path = Assets.xcassets; sourceTree = "<group>"; };
		2267A1341EA0E7C600FB4124 /* Base */ = {isa = PBXFileReference; lastKnownFileType = file.storyboard; name = Base; path = Base.lproj/LaunchScreen.storyboard; sourceTree = "<group>"; };
		2267A1361EA0E7C600FB4124 /* Info.plist */ = {isa = PBXFileReference; lastKnownFileType = text.plist.xml; path = Info.plist; sourceTree = "<group>"; };
/* End PBXFileReference section */

/* Begin PBXFrameworksBuildPhase section */
		2267A1211EA0E7C600FB4124 /* Frameworks */ = {
			isa = PBXFrameworksBuildPhase;
			buildActionMask = 2147483647;
			files = (
			);
			runOnlyForDeploymentPostprocessing = 0;
		};
/* End PBXFrameworksBuildPhase section */

/* Begin PBXGroup section */
		2267A11B1EA0E7C600FB4124 = {
			isa = PBXGroup;
			children = (
				2267A1261EA0E7C600FB4124 /* app */,
				2267A1251EA0E7C600FB4124 /* Products */,
			);
			sourceTree = "<group>";
		};
		2267A1251EA0E7C600FB4124 /* Products */ = {
			isa = PBXGroup;
			children = (
				2267A1241EA0E7C600FB4124 /* app.app */,
			);
			name = Products;
			sourceTree = "<group>";
		};
		2267A1261EA0E7C600FB4124 /* app */ = {
			isa = PBXGroup;
			children = (
				2267A1271EA0E7C600FB4124 /* AppDelegate.swift */,
				2267A1291EA0E7C600FB4124 /* ViewController.swift */,
				2267A12B1EA0E7C600FB4124 /* Main.storyboard */,
				2267A1311EA0E7C600FB4124 /* Assets.xcassets */,
				2267A1331EA0E7C600FB4124 /* LaunchScreen.storyboard */,
				2267A1361EA0E7C600FB4124 /* Info.plist */,
				2267A12E1EA0E7C600FB4124 /* app.xcdatamodeld */,
			);
			path = app;
			sourceTree = "<group>";
		};
/* End PBXGroup section */

/* Begin PBXNativeTarget section */
		2267A1231EA0E7C600FB4124 /* app */ = {
			isa = PBXNativeTarget;
			buildConfigurationList = 2267A1391EA0E7C600FB4124 /* Build configuration list for PBXNativeTarget "app" */;
			buildPhases = (
				2267A1201EA0E7C600FB4124 /* Sources */,
				2267A1211EA0E7C600FB4124 /* Frameworks */,
				2267A1221EA0E7C600FB4124 /* Resources */,
			);
			buildRules = (
			);
			dependencies = (
			);
			name = app;
			productName = app;
			productReference = 2267A1241EA0E7C600FB4124 /* app.app */;
			productType = "com.apple.product-type.application";
		};
/* End PBXNativeTarget section */

/* Begin PBXProject section */
		2267A11C1EA0E7C600FB4124 /* Project object */ = {
			isa = PBXProject;
			attributes = {
				LastSwiftUpdateCheck = 0830;
				LastUpgradeCheck = 0830;
				ORGANIZATIONNAME = "Damir Garifullin";
				TargetAttributes = {
					2267A1231EA0E7C600FB4124 = {
						CreatedOnToolsVersion = 8.3;
						DevelopmentTeam = P7P693LH69;
						ProvisioningStyle = Automatic;
					};
				};
			};
			buildConfigurationList = 2267A11F1EA0E7C600FB4124 /* Build configuration list for PBXProject "app" */;
			compatibilityVersion = "Xcode 3.2";
			developmentRegion = English;
			hasScannedForEncodings = 0;
			knownRegions = (
				en,
				Base,
			);
			mainGroup = 2267A11B1EA0E7C600FB4124;
			productRefGroup = 2267A1251EA0E7C600FB4124 /* Products */;
			projectDirPath = "";
			projectRoot = "";
			targets = (
				2267A1231EA0E7C600FB4124 /* app */,
			);
		};
/* End PBXProject section */

/* Begin PBXResourcesBuildPhase section */
		2267A1221EA0E7C600FB4124 /* Resources */ = {
			isa = PBXResourcesBuildPhase;
			buildActionMask = 2147483647;
			files = (
				2267A1351EA0E7C600FB4124 /* LaunchScreen.storyboard in Resources */,
				2267A1321EA0E7C600FB4124 /* Assets.xcassets in Resources */,
				2267A12D1EA0E7C600FB4124 /* Main.storyboard in Resources */,
			);
			runOnlyForDeploymentPostprocessing = 0;
		};
/* End PBXResourcesBuildPhase section */

/* Begin PBXSourcesBuildPhase section */
		2267A1201EA0E7C600FB4124 /* Sources */ = {
			isa = PBXSourcesBuildPhase;
			buildActionMask = 2147483647;
			files = (
				2267A12A1EA0E7C600FB4124 /* ViewController.swift in Sources */,
				2267A1281EA0E7C600FB4124 /* AppDelegate.swift in Sources */,
				2267A1301EA0E7C600FB4124 /* app.xcdatamodeld in Sources */,
			);
			runOnlyForDeploymentPostprocessing = 0;
		};
/* End PBXSourcesBuildPhase section */

/* Begin PBXVariantGroup section */
		2267A12B1EA0E7C600FB4124 /* Main.storyboard */ = {
			isa = PBXVariantGroup;
			children = (
				2267A12C1EA0E7C600FB4124 /* Base */,
			);
			name = Main.storyboard;
			sourceTree = "<group>";
		};
		2267A1331EA0E7C600FB4124 /* LaunchScreen.storyboard */ = {
			isa = PBXVariantGroup;
			children = (
				2267A1341EA0E7C600FB4124 /* Base */,
			);
			name = LaunchScreen.storyboard;
			sourceTree = "<group>";
		};
/* End PBXVariantGroup section */

/* Begin XCBuildConfiguration section */
		2267A1371EA0E7C600FB4124 /* Debug */ = {
			isa = XCBuildConfiguration;
			buildSettings = {
				ALWAYS_SEARCH_USER_PATHS = NO;
				CLANG_ANALYZER_NONNULL = YES;
				CLANG_ANALYZER_NUMBER_OBJECT_CONVERSION = YES_AGGRESSIVE;
				CLANG_CXX_LANGUAGE_STANDARD = "gnu++0x";
				CLANG_CXX_LIBRARY = "libc++";
				CLANG_ENABLE_MODULES = YES;
				CLANG_ENABLE_OBJC_ARC = YES;
				CLANG_WARN_BOOL_CONVERSION = YES;
				CLANG_WARN_CONSTANT_CONVERSION = YES;
				CLANG_WARN_DIRECT_OBJC_ISA_USAGE = YES_ERROR;
				CLANG_WARN_DOCUMENTATION_COMMENTS = YES;
				CLANG_WARN_EMPTY_BODY = YES;
				CLANG_WARN_ENUM_CONVERSION = YES;
				CLANG_WARN_INFINITE_RECURSION = YES;
				CLANG_WARN_INT_CONVERSION = YES;
				CLANG_WARN_OBJC_ROOT_CLASS = YES_ERROR;
				CLANG_WARN_SUSPICIOUS_MOVE = YES;
				CLANG_WARN_UNREACHABLE_CODE = YES;
				CLANG_WARN__DUPLICATE_METHOD_MATCH = YES;
				"CODE_SIGN_IDENTITY[sdk=iphoneos*]" = "iPhone Developer";
				COPY_PHASE_STRIP = NO;
				DEBUG_INFORMATION_FORMAT = dwarf;
				ENABLE_STRICT_OBJC_MSGSEND = YES;
				ENABLE_TESTABILITY = YES;
				GCC_C_LANGUAGE_STANDARD = gnu99;
				GCC_DYNAMIC_NO_PIC = NO;
				GCC_NO_COMMON_BLOCKS = YES;
				GCC_OPTIMIZATION_LEVEL = 0;
				GCC_PREPROCESSOR_DEFINITIONS = (
					"DEBUG=1",
					"$(inherited)",
				);
				GCC_WARN_64_TO_32_BIT_CONVERSION = YES;
				GCC_WARN_ABOUT_RETURN_TYPE = YES_ERROR;
				GCC_WARN_UNDECLARED_SELECTOR = YES;
				GCC_WARN_UNINITIALIZED_AUTOS = YES_AGGRESSIVE;
				GCC_WARN_UNUSED_FUNCTION = YES;
				GCC_WARN_UNUSED_VARIABLE = YES;
				IPHONEOS_DEPLOYMENT_TARGET = 10.3;
				MTL_ENABLE_DEBUG_INFO = YES;
				ONLY_ACTIVE_ARCH = YES;
				SDKROOT = iphoneos;
				SWIFT_ACTIVE_COMPILATION_CONDITIONS = DEBUG;
				SWIFT_OPTIMIZATION_LEVEL = "-Onone";
			};
			name = Debug;
		};
		2267A1381EA0E7C600FB4124 /* Release */ = {
			isa = XCBuildConfiguration;
			buildSettings = {
				ALWAYS_SEARCH_USER_PATHS = NO;
				CLANG_ANALYZER_NONNULL = YES;
				CLANG_ANALYZER_NUMBER_OBJECT_CONVERSION = YES_AGGRESSIVE;
				CLANG_CXX_LANGUAGE_STANDARD = "gnu++0x";
				CLANG_CXX_LIBRARY = "libc++";
				CLANG_ENABLE_MODULES = YES;
				CLANG_ENABLE_OBJC_ARC = YES;
				CLANG_WARN_BOOL_CONVERSION = YES;
				CLANG_WARN_CONSTANT_CONVERSION = YES;
				CLANG_WARN_DIRECT_OBJC_ISA_USAGE = YES_ERROR;
				CLANG_WARN_DOCUMENTATION_COMMENTS = YES;
				CLANG_WARN_EMPTY_BODY = YES;
				CLANG_WARN_ENUM_CONVERSION = YES;
				CLANG_WARN_INFINITE_RECURSION = YES;
				CLANG_WARN_INT_CONVERSION = YES;
				CLANG_WARN_OBJC_ROOT_CLASS = YES_ERROR;
				CLANG_WARN_SUSPICIOUS_MOVE = YES;
				CLANG_WARN_UNREACHABLE_CODE = YES;
				CLANG_WARN__DUPLICATE_METHOD_MATCH = YES;
				"CODE_SIGN_IDENTITY[sdk=iphoneos*]" = "iPhone Developer";
				COPY_PHASE_STRIP = NO;
				DEBUG_INFORMATION_FORMAT = "dwarf-with-dsym";
				ENABLE_NS_ASSERTIONS = NO;
				ENABLE_STRICT_OBJC_MSGSEND = YES;
				GCC_C_LANGUAGE_STANDARD = gnu99;
				GCC_NO_COMMON_BLOCKS = YES;
				GCC_WARN_64_TO_32_BIT_CONVERSION = YES;
				GCC_WARN_ABOUT_RETURN_TYPE = YES_ERROR;
				GCC_WARN_UNDECLARED_SELECTOR = YES;
				GCC_WARN_UNINITIALIZED_AUTOS = YES_AGGRESSIVE;
				GCC_WARN_UNUSED_FUNCTION = YES;
				GCC_WARN_UNUSED_VARIABLE = YES;
				IPHONEOS_DEPLOYMENT_TARGET = 10.3;
				MTL_ENABLE_DEBUG_INFO = NO;
				SDKROOT = iphoneos;
				SWIFT_OPTIMIZATION_LEVEL = "-Owholemodule";
				VALIDATE_PRODUCT = YES;
			};
			name = Release;
		};
		2267A13A1EA0E7C600FB4124 /* Debug */ = {
			isa = XCBuildConfiguration;
			buildSettings = {
				ASSETCATALOG_COMPILER_APPICON_NAME = AppIcon;
				DEVELOPMENT_TEAM = P7P693LH69;
				INFOPLIST_FILE = app/Info.plist;
				LD_RUNPATH_SEARCH_PATHS = "$(inherited) @executable_path/Frameworks";
				PRODUCT_BUNDLE_IDENTIFIER = PTK.app;
				PRODUCT_NAME = "$(TARGET_NAME)";
				SWIFT_VERSION = 3.0;
			};
			name = Debug;
		};
		2267A13B1EA0E7C600FB4124 /* Release */ = {
			isa = XCBuildConfiguration;
			buildSettings = {
				ASSETCATALOG_COMPILER_APPICON_NAME = AppIcon;
				DEVELOPMENT_TEAM = P7P693LH69;
				INFOPLIST_FILE = app/Info.plist;
				LD_RUNPATH_SEARCH_PATHS = "$(inherited) @executable_path/Frameworks";
				PRODUCT_BUNDLE_IDENTIFIER = PTK.app;
				PRODUCT_NAME = "$(TARGET_NAME)";
				SWIFT_VERSION = 3.0;
			};
			name = Release;
		};
/* End XCBuildConfiguration section */

/* Begin XCConfigurationList section */
		2267A11F1EA0E7C600FB4124 /* Build configuration list for PBXProject "app" */ = {
			isa = XCConfigurationList;
			buildConfigurations = (
				2267A1371EA0E7C600FB4124 /* Debug */,
				2267A1381EA0E7C600FB4124 /* Release */,
			);
			defaultConfigurationIsVisible = 0;
			defaultConfigurationName = Release;
		};
		2267A1391EA0E7C600FB4124 /* Build configuration list for PBXNativeTarget "app" */ = {
			isa = XCConfigurationList;
			buildConfigurations = (
				2267A13A1EA0E7C600FB4124 /* Debug */,
				2267A13B1EA0E7C600FB4124 /* Release */,
			);
			defaultConfigurationIsVisible = 0;
		};
/* End XCConfigurationList section */

/* Begin XCVersionGroup section */
		2267A12E1EA0E7C600FB4124 /* app.xcdatamodeld */ = {
			isa = XCVersionGroup;
			children = (
				2267A12F1EA0E7C600FB4124 /* app.xcdatamodel */,
			);
			currentVersion = 2267A12F1EA0E7C600FB4124 /* app.xcdatamodel */;
			path = app.xcdatamodeld;
			sourceTree = "<group>";
			versionGroupType = wrapper.xcdatamodel;
		};
/* End XCVersionGroup section */
	};
	rootObject = 2267A11C1EA0E7C600FB4124 /* Project object */;
}
